
Microsoft Visual Studio Solution File, Format Version 12.00
# Visual Studio Version 17
VisualStudioVersion = 17.8.34511.84
MinimumVisualStudioVersion = 10.0.40219.1
Project("{2150E333-8FDC-42A3-9474-1A3956D46DE8}") = "src", "src", "{CF461CEA-8631-4CBE-9E18-797DC420E6C0}"
EndProject
Project("{2150E333-8FDC-42A3-9474-1A3956D46DE8}") = "test", "test", "{10B0FDF9-8ACF-49BC-A4B1-B400D7183D3C}"
EndProject
Project("{2150E333-8FDC-42A3-9474-1A3956D46DE8}") = "API", "API", "{D3C58B46-1A5D-4ECE-87A9-AA60745B5ADD}"
EndProject
Project("{2150E333-8FDC-42A3-9474-1A3956D46DE8}") = "Core", "Core", "{10CAC115-9299-4412-BF79-7F1BBFD13947}"
EndProject
Project("{2150E333-8FDC-42A3-9474-1A3956D46DE8}") = "Infrastructure", "Infrastructure", "{B930C9A2-172F-4E15-985A-2C1B2573AD4B}"
EndProject
Project("{2150E333-8FDC-42A3-9474-1A3956D46DE8}") = "UI", "UI", "{D1C6E7F4-222A-4AD4-B506-0044B55E3D38}"
EndProject
Project("{9A19103F-16F7-4668-BE54-9A1E7A4F7556}") = "HR_Management.Domain", "Core\HR_Management.Domain\HR_Management.Domain.csproj", "{47D9955F-F00A-400B-A20F-CDEF7CE4B0A3}"
EndProject
Project("{9A19103F-16F7-4668-BE54-9A1E7A4F7556}") = "HR_Management.Application", "Application\HR_Management.Application\HR_Management.Application.csproj", "{74361C04-59CC-411D-B44C-7BDDD6B2168F}"
EndProject
Project("{9A19103F-16F7-4668-BE54-9A1E7A4F7556}") = "HR_Management.Infrastructre", "Infrastructre\HR_Management.Infrastructre\HR_Management.Infrastructre.csproj", "{5A6DED9B-CEBE-41B8-9811-823FAC14F008}"
EndProject
Project("{9A19103F-16F7-4668-BE54-9A1E7A4F7556}") = "HR_Management.Persistence", "Infrastructre\HR_Management.Persistence\HR_Management.Persistence.csproj", "{128EF616-4B25-4D73-ADF7-A5D648BD4754}"
EndProject
Project("{9A19103F-16F7-4668-BE54-9A1E7A4F7556}") = "HR_Management.Api", "API\HR_Management.Api\HR_Management.Api.csproj", "{00B13CE2-7136-4E26-9BB4-5D234596ECD5}"
EndProject
Project("{E53339B2-1760-4266-BCC7-CA923CBCF16C}") = "docker-compose", "docker-compose.dcproj", "{C3830882-6252-43C7-A429-ED75255E4453}"
EndProject
Project("{9A19103F-16F7-4668-BE54-9A1E7A4F7556}") = "HR_Management.Application.UnitTest", "Test\HR_Management.Application.UnitTest\HR_Management.Application.UnitTest.csproj", "{C3682521-279A-4967-8A79-E0B0974C7FDB}"
EndProject
Project("{FAE04EC0-301F-11D3-BF4B-00C04F79EFBC}") = "HR_Managment.Identity", "Infrastructre\HR_Managment.Identity\HR_Managment.Identity.csproj", "{70C091C4-2E53-46CE-94A2-78E2C48537FB}"
EndProject
Global
	GlobalSection(SolutionConfigurationPlatforms) = preSolution
		Debug|Any CPU = Debug|Any CPU
		Release|Any CPU = Release|Any CPU
	EndGlobalSection
	GlobalSection(ProjectConfigurationPlatforms) = postSolution
		{47D9955F-F00A-400B-A20F-CDEF7CE4B0A3}.Debug|Any CPU.ActiveCfg = Debug|Any CPU
		{47D9955F-F00A-400B-A20F-CDEF7CE4B0A3}.Debug|Any CPU.Build.0 = Debug|Any CPU
		{47D9955F-F00A-400B-A20F-CDEF7CE4B0A3}.Release|Any CPU.ActiveCfg = Release|Any CPU
		{47D9955F-F00A-400B-A20F-CDEF7CE4B0A3}.Release|Any CPU.Build.0 = Release|Any CPU
		{74361C04-59CC-411D-B44C-7BDDD6B2168F}.Debug|Any CPU.ActiveCfg = Debug|Any CPU
		{74361C04-59CC-411D-B44C-7BDDD6B2168F}.Debug|Any CPU.Build.0 = Debug|Any CPU
		{74361C04-59CC-411D-B44C-7BDDD6B2168F}.Release|Any CPU.ActiveCfg = Release|Any CPU
		{74361C04-59CC-411D-B44C-7BDDD6B2168F}.Release|Any CPU.Build.0 = Release|Any CPU
		{5A6DED9B-CEBE-41B8-9811-823FAC14F008}.Debug|Any CPU.ActiveCfg = Debug|Any CPU
		{5A6DED9B-CEBE-41B8-9811-823FAC14F008}.Debug|Any CPU.Build.0 = Debug|Any CPU
		{5A6DED9B-CEBE-41B8-9811-823FAC14F008}.Release|Any CPU.ActiveCfg = Release|Any CPU
		{5A6DED9B-CEBE-41B8-9811-823FAC14F008}.Release|Any CPU.Build.0 = Release|Any CPU
		{128EF616-4B25-4D73-ADF7-A5D648BD4754}.Debug|Any CPU.ActiveCfg = Debug|Any CPU
		{128EF616-4B25-4D73-ADF7-A5D648BD4754}.Debug|Any CPU.Build.0 = Debug|Any CPU
		{128EF616-4B25-4D73-ADF7-A5D648BD4754}.Release|Any CPU.ActiveCfg = Release|Any CPU
		{128EF616-4B25-4D73-ADF7-A5D648BD4754}.Release|Any CPU.Build.0 = Release|Any CPU
		{00B13CE2-7136-4E26-9BB4-5D234596ECD5}.Debug|Any CPU.ActiveCfg = Debug|Any CPU
		{00B13CE2-7136-4E26-9BB4-5D234596ECD5}.Debug|Any CPU.Build.0 = Debug|Any CPU
		{00B13CE2-7136-4E26-9BB4-5D234596ECD5}.Release|Any CPU.ActiveCfg = Release|Any CPU
		{00B13CE2-7136-4E26-9BB4-5D234596ECD5}.Release|Any CPU.Build.0 = Release|Any CPU
		{C3830882-6252-43C7-A429-ED75255E4453}.Debug|Any CPU.ActiveCfg = Debug|Any CPU
		{C3830882-6252-43C7-A429-ED75255E4453}.Debug|Any CPU.Build.0 = Debug|Any CPU
		{C3830882-6252-43C7-A429-ED75255E4453}.Release|Any CPU.ActiveCfg = Release|Any CPU
		{C3830882-6252-43C7-A429-ED75255E4453}.Release|Any CPU.Build.0 = Release|Any CPU
		{C3682521-279A-4967-8A79-E0B0974C7FDB}.Debug|Any CPU.ActiveCfg = Debug|Any CPU
		{C3682521-279A-4967-8A79-E0B0974C7FDB}.Debug|Any CPU.Build.0 = Debug|Any CPU
		{C3682521-279A-4967-8A79-E0B0974C7FDB}.Release|Any CPU.ActiveCfg = Release|Any CPU
		{C3682521-279A-4967-8A79-E0B0974C7FDB}.Release|Any CPU.Build.0 = Release|Any CPU
		{70C091C4-2E53-46CE-94A2-78E2C48537FB}.Debug|Any CPU.ActiveCfg = Debug|Any CPU
		{70C091C4-2E53-46CE-94A2-78E2C48537FB}.Debug|Any CPU.Build.0 = Debug|Any CPU
		{70C091C4-2E53-46CE-94A2-78E2C48537FB}.Release|Any CPU.ActiveCfg = Release|Any CPU
		{70C091C4-2E53-46CE-94A2-78E2C48537FB}.Release|Any CPU.Build.0 = Release|Any CPU
	EndGlobalSection
	GlobalSection(SolutionProperties) = preSolution
		HideSolutionNode = FALSE
	EndGlobalSection
	GlobalSection(NestedProjects) = preSolution
		{D3C58B46-1A5D-4ECE-87A9-AA60745B5ADD} = {CF461CEA-8631-4CBE-9E18-797DC420E6C0}
		{10CAC115-9299-4412-BF79-7F1BBFD13947} = {CF461CEA-8631-4CBE-9E18-797DC420E6C0}
		{B930C9A2-172F-4E15-985A-2C1B2573AD4B} = {CF461CEA-8631-4CBE-9E18-797DC420E6C0}
		{D1C6E7F4-222A-4AD4-B506-0044B55E3D38} = {CF461CEA-8631-4CBE-9E18-797DC420E6C0}
		{47D9955F-F00A-400B-A20F-CDEF7CE4B0A3} = {10CAC115-9299-4412-BF79-7F1BBFD13947}
		{74361C04-59CC-411D-B44C-7BDDD6B2168F} = {10CAC115-9299-4412-BF79-7F1BBFD13947}
		{5A6DED9B-CEBE-41B8-9811-823FAC14F008} = {B930C9A2-172F-4E15-985A-2C1B2573AD4B}
		{128EF616-4B25-4D73-ADF7-A5D648BD4754} = {B930C9A2-172F-4E15-985A-2C1B2573AD4B}
		{00B13CE2-7136-4E26-9BB4-5D234596ECD5} = {D3C58B46-1A5D-4ECE-87A9-AA60745B5ADD}
		{C3682521-279A-4967-8A79-E0B0974C7FDB} = {10B0FDF9-8ACF-49BC-A4B1-B400D7183D3C}
		{70C091C4-2E53-46CE-94A2-78E2C48537FB} = {B930C9A2-172F-4E15-985A-2C1B2573AD4B}
	EndGlobalSection
	GlobalSection(ExtensibilityGlobals) = postSolution
		SolutionGuid = {AB998F49-6606-4029-9BC0-8582A88FF96B}
	EndGlobalSection
EndGlobal
